// !$*UTF8*$!
{
	archiveVersion = 1;
	classes = {
	};
	objectVersion = 46;
	objects = {

/* Begin PBXBuildFile section */
		9570DB331A81F4DE0058A004 /* main.m in Sources */ = {isa = PBXBuildFile; fileRef = 9570DB321A81F4DE0058A004 /* main.m */; };
		9570DB361A81F4DE0058A004 /* AppDelegate.m in Sources */ = {isa = PBXBuildFile; fileRef = 9570DB351A81F4DE0058A004 /* AppDelegate.m */; };
		9570DB391A81F4DE0058A004 /* ViewController.m in Sources */ = {isa = PBXBuildFile; fileRef = 9570DB381A81F4DE0058A004 /* ViewController.m */; };
		9570DB3C1A81F4DE0058A004 /* Main.storyboard in Resources */ = {isa = PBXBuildFile; fileRef = 9570DB3A1A81F4DE0058A004 /* Main.storyboard */; };
		9570DB3E1A81F4DE0058A004 /* Images.xcassets in Resources */ = {isa = PBXBuildFile; fileRef = 9570DB3D1A81F4DE0058A004 /* Images.xcassets */; };
		9570DB411A81F4DE0058A004 /* LaunchScreen.xib in Resources */ = {isa = PBXBuildFile; fileRef = 9570DB3F1A81F4DE0058A004 /* LaunchScreen.xib */; };
		9570DB4D1A81F4DE0058A004 /* MYTests.m in Sources */ = {isa = PBXBuildFile; fileRef = 9570DB4C1A81F4DE0058A004 /* MYTests.m */; };
/* End PBXBuildFile section */

/* Begin PBXContainerItemProxy section */
		9570DB471A81F4DE0058A004 /* PBXContainerItemProxy */ = {
			isa = PBXContainerItemProxy;
			containerPortal = 9570DB251A81F4DE0058A004 /* Project object */;
			proxyType = 1;
			remoteGlobalIDString = 9570DB2C1A81F4DE0058A004;
			remoteInfo = MY;
		};
/* End PBXContainerItemProxy section */

/* Begin PBXFileReference section */
		9570DB2D1A81F4DE0058A004 /* MY.app */ = {isa = PBXFileReference; explicitFileType = wrapper.application; includeInIndex = 0; path = MY.app; sourceTree = BUILT_PRODUCTS_DIR; };
		9570DB311A81F4DE0058A004 /* Info.plist */ = {isa = PBXFileReference; lastKnownFileType = text.plist.xml; path = Info.plist; sourceTree = "<group>"; };
		9570DB321A81F4DE0058A004 /* main.m */ = {isa = PBXFileReference; lastKnownFileType = sourcecode.c.objc; path = main.m; sourceTree = "<group>"; };
		9570DB341A81F4DE0058A004 /* AppDelegate.h */ = {isa = PBXFileReference; lastKnownFileType = sourcecode.c.h; path = AppDelegate.h; sourceTree = "<group>"; };
		9570DB351A81F4DE0058A004 /* AppDelegate.m */ = {isa = PBXFileReference; lastKnownFileType = sourcecode.c.objc; path = AppDelegate.m; sourceTree = "<group>"; };
		9570DB371A81F4DE0058A004 /* ViewController.h */ = {isa = PBXFileReference; lastKnownFileType = sourcecode.c.h; path = ViewController.h; sourceTree = "<group>"; };
		9570DB381A81F4DE0058A004 /* ViewController.m */ = {isa = PBXFileReference; lastKnownFileType = sourcecode.c.objc; path = ViewController.m; sourceTree = "<group>"; };
		9570DB3B1A81F4DE0058A004 /* Base */ = {isa = PBXFileReference; lastKnownFileType = file.storyboard; name = Base; path = Base.lproj/Main.storyboard; sourceTree = "<group>"; };
		9570DB3D1A81F4DE0058A004 /* Images.xcassets */ = {isa = PBXFileReference; lastKnownFileType = folder.assetcatalog; path = Images.xcassets; sourceTree = "<group>"; };
		9570DB401A81F4DE0058A004 /* Base */ = {isa = PBXFileReference; lastKnownFileType = file.xib; name = Base; path = Base.lproj/LaunchScreen.xib; sourceTree = "<group>"; };
		9570DB461A81F4DE0058A004 /* MYTests.xctest */ = {isa = PBXFileReference; explicitFileType = wrapper.cfbundle; includeInIndex = 0; path = MYTests.xctest; sourceTree = BUILT_PRODUCTS_DIR; };
		9570DB4B1A81F4DE0058A004 /* Info.plist */ = {isa = PBXFileReference; lastKnownFileType = text.plist.xml; path = Info.plist; sourceTree = "<group>"; };
		9570DB4C1A81F4DE0058A004 /* MYTests.m */ = {isa = PBXFileReference; lastKnownFileType = sourcecode.c.objc; path = MYTests.m; sourceTree = "<group>"; };
/* End PBXFileReference section */

/* Begin PBXFrameworksBuildPhase section */
		9570DB2A1A81F4DE0058A004 /* Frameworks */ = {
			isa = PBXFrameworksBuildPhase;
			buildActionMask = 2147483647;
			files = (
			);
			runOnlyForDeploymentPostprocessing = 0;
		};
		9570DB431A81F4DE0058A004 /* Frameworks */ = {
			isa = PBXFrameworksBuildPhase;
			buildActionMask = 2147483647;
			files = (
			);
			runOnlyForDeploymentPostprocessing = 0;
		};
/* End PBXFrameworksBuildPhase section */

/* Begin PBXGroup section */
		9570DB241A81F4DE0058A004 = {
			isa = PBXGroup;
			children = (
				9570DB2F1A81F4DE0058A004 /* MY */,
				9570DB491A81F4DE0058A004 /* MYTests */,
				9570DB2E1A81F4DE0058A004 /* Products */,
			);
			sourceTree = "<group>";
		};
		9570DB2E1A81F4DE0058A004 /* Products */ = {
			isa = PBXGroup;
			children = (
				9570DB2D1A81F4DE0058A004 /* MY.app */,
				9570DB461A81F4DE0058A004 /* MYTests.xctest */,
			);
			name = Products;
			sourceTree = "<group>";
		};
		9570DB2F1A81F4DE0058A004 /* MY */ = {
			isa = PBXGroup;
			children = (
				9570DB341A81F4DE0058A004 /* AppDelegate.h */,
				9570DB351A81F4DE0058A004 /* AppDelegate.m */,
				9570DB371A81F4DE0058A004 /* ViewController.h */,
				9570DB381A81F4DE0058A004 /* ViewController.m */,
				9570DB3A1A81F4DE0058A004 /* Main.storyboard */,
				9570DB3D1A81F4DE0058A004 /* Images.xcassets */,
				9570DB3F1A81F4DE0058A004 /* LaunchScreen.xib */,
				9570DB301A81F4DE0058A004 /* Supporting Files */,
			);
			path = MY;
			sourceTree = "<group>";
		};
		9570DB301A81F4DE0058A004 /* Supporting Files */ = {
			isa = PBXGroup;
			children = (
				9570DB311A81F4DE0058A004 /* Info.plist */,
				9570DB321A81F4DE0058A004 /* main.m */,
			);
			name = "Supporting Files";
			sourceTree = "<group>";
		};
		9570DB491A81F4DE0058A004 /* MYTests */ = {
			isa = PBXGroup;
			children = (
				9570DB4C1A81F4DE0058A004 /* MYTests.m */,
				9570DB4A1A81F4DE0058A004 /* Supporting Files */,
			);
			path = MYTests;
			sourceTree = "<group>";
		};
		9570DB4A1A81F4DE0058A004 /* Supporting Files */ = {
			isa = PBXGroup;
			children = (
				9570DB4B1A81F4DE0058A004 /* Info.plist */,
			);
			name = "Supporting Files";
			sourceTree = "<group>";
		};
/* End PBXGroup section */

/* Begin PBXNativeTarget section */
		9570DB2C1A81F4DE0058A004 /* MY */ = {
			isa = PBXNativeTarget;
			buildConfigurationList = 9570DB501A81F4DE0058A004 /* Build configuration list for PBXNativeTarget "MY" */;
			buildPhases = (
				9570DB291A81F4DE0058A004 /* Sources */,
				9570DB2A1A81F4DE0058A004 /* Frameworks */,
				9570DB2B1A81F4DE0058A004 /* Resources */,
			);
			buildRules = (
			);
			dependencies = (
			);
			name = MY;
			productName = MY;
			productReference = 9570DB2D1A81F4DE0058A004 /* MY.app */;
			productType = "com.apple.product-type.application";
		};
		9570DB451A81F4DE0058A004 /* MYTests */ = {
			isa = PBXNativeTarget;
			buildConfigurationList = 9570DB531A81F4DE0058A004 /* Build configuration list for PBXNativeTarget "MYTests" */;
			buildPhases = (
				9570DB421A81F4DE0058A004 /* Sources */,
				9570DB431A81F4DE0058A004 /* Frameworks */,
				9570DB441A81F4DE0058A004 /* Resources */,
			);
			buildRules = (
			);
			dependencies = (
				9570DB481A81F4DE0058A004 /* PBXTargetDependency */,
			);
			name = MYTests;
			productName = MYTests;
			productReference = 9570DB461A81F4DE0058A004 /* MYTests.xctest */;
			productType = "com.apple.product-type.bundle.unit-test";
		};
/* End PBXNativeTarget section */

/* Begin PBXProject section */
		9570DB251A81F4DE0058A004 /* Project object */ = {
			isa = PBXProject;
			attributes = {
				LastUpgradeCheck = 0610;
				ORGANIZATIONNAME = xueyao;
				TargetAttributes = {
					9570DB2C1A81F4DE0058A004 = {
						CreatedOnToolsVersion = 6.1;
					};
					9570DB451A81F4DE0058A004 = {
						CreatedOnToolsVersion = 6.1;
						TestTargetID = 9570DB2C1A81F4DE0058A004;
					};
				};
			};
			buildConfigurationList = 9570DB281A81F4DE0058A004 /* Build configuration list for PBXProject "MY" */;
			compatibilityVersion = "Xcode 3.2";
			developmentRegion = English;
			hasScannedForEncodings = 0;
			knownRegions = (
				en,
				Base,
			);
			mainGroup = 9570DB241A81F4DE0058A004;
			productRefGroup = 9570DB2E1A81F4DE0058A004 /* Products */;
			projectDirPath = "";
			projectRoot = "";
			targets = (
				9570DB2C1A81F4DE0058A004 /* MY */,
				9570DB451A81F4DE0058A004 /* MYTests */,
			);
		};
/* End PBXProject section */

/* Begin PBXResourcesBuildPhase section */
		9570DB2B1A81F4DE0058A004 /* Resources */ = {
			isa = PBXResourcesBuildPhase;
			buildActionMask = 2147483647;
			files = (
				9570DB3C1A81F4DE0058A004 /* Main.storyboard in Resources */,
				9570DB411A81F4DE0058A004 /* LaunchScreen.xib in Resources */,
				9570DB3E1A81F4DE0058A004 /* Images.xcassets in Resources */,
			);
			runOnlyForDeploymentPostprocessing = 0;
		};
		9570DB441A81F4DE0058A004 /* Resources */ = {
			isa = PBXResourcesBuildPhase;
			buildActionMask = 2147483647;
			files = (
			);
			runOnlyForDeploymentPostprocessing = 0;
		};
/* End PBXResourcesBuildPhase section */

/* Begin PBXSourcesBuildPhase section */
		9570DB291A81F4DE0058A004 /* Sources */ = {
			isa = PBXSourcesBuildPhase;
			buildActionMask = 2147483647;
			files = (
				9570DB391A81F4DE0058A004 /* ViewController.m in Sources */,
				9570DB361A81F4DE0058A004 /* AppDelegate.m in Sources */,
				9570DB331A81F4DE0058A004 /* main.m in Sources */,
			);
			runOnlyForDeploymentPostprocessing = 0;
		};
		9570DB421A81F4DE0058A004 /* Sources */ = {
			isa = PBXSourcesBuildPhase;
			buildActionMask = 2147483647;
			files = (
				9570DB4D1A81F4DE0058A004 /* MYTests.m in Sources */,
			);
			runOnlyForDeploymentPostprocessing = 0;
		};
/* End PBXSourcesBuildPhase section */

/* Begin PBXTargetDependency section */
		9570DB481A81F4DE0058A004 /* PBXTargetDependency */ = {
			isa = PBXTargetDependency;
			target = 9570DB2C1A81F4DE0058A004 /* MY */;
			targetProxy = 9570DB471A81F4DE0058A004 /* PBXContainerItemProxy */;
		};
/* End PBXTargetDependency section */

/* Begin PBXVariantGroup section */
		9570DB3A1A81F4DE0058A004 /* Main.storyboard */ = {
			isa = PBXVariantGroup;
			children = (
				9570DB3B1A81F4DE0058A004 /* Base */,
			);
			name = Main.storyboard;
			sourceTree = "<group>";
		};
		9570DB3F1A81F4DE0058A004 /* LaunchScreen.xib */ = {
			isa = PBXVariantGroup;
			children = (
				9570DB401A81F4DE0058A004 /* Base */,
			);
			name = LaunchScreen.xib;
			sourceTree = "<group>";
		};
/* End PBXVariantGroup section */

/* Begin XCBuildConfiguration section */
		9570DB4E1A81F4DE0058A004 /* Debug */ = {
			isa = XCBuildConfiguration;
			buildSettings = {
				ALWAYS_SEARCH_USER_PATHS = NO;
				CLANG_CXX_LANGUAGE_STANDARD = "gnu++0x";
				CLANG_CXX_LIBRARY = "libc++";
				CLANG_ENABLE_MODULES = YES;
				CLANG_ENABLE_OBJC_ARC = YES;
				CLANG_WARN_BOOL_CONVERSION = YES;
				CLANG_WARN_CONSTANT_CONVERSION = YES;
				CLANG_WARN_DIRECT_OBJC_ISA_USAGE = YES_ERROR;
				CLANG_WARN_EMPTY_BODY = YES;
				CLANG_WARN_ENUM_CONVERSION = YES;
				CLANG_WARN_INT_CONVERSION = YES;
				CLANG_WARN_OBJC_ROOT_CLASS = YES_ERROR;
				CLANG_WARN_UNREACHABLE_CODE = YES;
				CLANG_WARN__DUPLICATE_METHOD_MATCH = YES;
				"CODE_SIGN_IDENTITY[sdk=iphoneos*]" = "iPhone Developer";
				COPY_PHASE_STRIP = NO;
				ENABLE_STRICT_OBJC_MSGSEND = YES;
				GCC_C_LANGUAGE_STANDARD = gnu99;
				GCC_DYNAMIC_NO_PIC = NO;
				GCC_OPTIMIZATION_LEVEL = 0;
				GCC_PREPROCESSOR_DEFINITIONS = (
					"DEBUG=1",
					"$(inherited)",
				);
				GCC_SYMBOLS_PRIVATE_EXTERN = NO;
				GCC_WARN_64_TO_32_BIT_CONVERSION = YES;
				GCC_WARN_ABOUT_RETURN_TYPE = YES_ERROR;
				GCC_WARN_UNDECLARED_SELECTOR = YES;
				GCC_WARN_UNINITIALIZED_AUTOS = YES_AGGRESSIVE;
				GCC_WARN_UNUSED_FUNCTION = YES;
				GCC_WARN_UNUSED_VARIABLE = YES;
				IPHONEOS_DEPLOYMENT_TARGET = 8.1;
				MTL_ENABLE_DEBUG_INFO = YES;
				ONLY_ACTIVE_ARCH = YES;
				SDKROOT = iphoneos;
			};
			name = Debug;
		};
		9570DB4F1A81F4DE0058A004 /* Release */ = {
			isa = XCBuildConfiguration;
			buildSettings = {
				ALWAYS_SEARCH_USER_PATHS = NO;
				CLANG_CXX_LANGUAGE_STANDARD = "gnu++0x";
				CLANG_CXX_LIBRARY = "libc++";
				CLANG_ENABLE_MODULES = YES;
				CLANG_ENABLE_OBJC_ARC = YES;
				CLANG_WARN_BOOL_CONVERSION = YES;
				CLANG_WARN_CONSTANT_CONVERSION = YES;
				CLANG_WARN_DIRECT_OBJC_ISA_USAGE = YES_ERROR;
				CLANG_WARN_EMPTY_BODY = YES;
				CLANG_WARN_ENUM_CONVERSION = YES;
				CLANG_WARN_INT_CONVERSION = YES;
				CLANG_WARN_OBJC_ROOT_CLASS = YES_ERROR;
				CLANG_WARN_UNREACHABLE_CODE = YES;
				CLANG_WARN__DUPLICATE_METHOD_MATCH = YES;
				"CODE_SIGN_IDENTITY[sdk=iphoneos*]" = "iPhone Developer";
				COPY_PHASE_STRIP = YES;
				ENABLE_NS_ASSERTIONS = NO;
				ENABLE_STRICT_OBJC_MSGSEND = YES;
				GCC_C_LANGUAGE_STANDARD = gnu99;
				GCC_WARN_64_TO_32_BIT_CONVERSION = YES;
				GCC_WARN_ABOUT_RETURN_TYPE = YES_ERROR;
				GCC_WARN_UNDECLARED_SELECTOR = YES;
				GCC_WARN_UNINITIALIZED_AUTOS = YES_AGGRESSIVE;
				GCC_WARN_UNUSED_FUNCTION = YES;
				GCC_WARN_UNUSED_VARIABLE = YES;
				IPHONEOS_DEPLOYMENT_TARGET = 8.1;
				MTL_ENABLE_DEBUG_INFO = NO;
				SDKROOT = iphoneos;
				VALIDATE_PRODUCT = YES;
			};
			name = Release;
		};
		9570DB511A81F4DE0058A004 /* Debug */ = {
			isa = XCBuildConfiguration;
			buildSettings = {
				ASSETCATALOG_COMPILER_APPICON_NAME = AppIcon;
				INFOPLIST_FILE = MY/Info.plist;
				LD_RUNPATH_SEARCH_PATHS = "$(inherited) @executable_path/Frameworks";
				PRODUCT_NAME = "$(TARGET_NAME)";
			};
			name = Debug;
		};
		9570DB521A81F4DE0058A004 /* Release */ = {
			isa = XCBuildConfiguration;
			buildSettings = {
				ASSETCATALOG_COMPILER_APPICON_NAME = AppIcon;
				INFOPLIST_FILE = MY/Info.plist;
				LD_RUNPATH_SEARCH_PATHS = "$(inherited) @executable_path/Frameworks";
				PRODUCT_NAME = "$(TARGET_NAME)";
			};
			name = Release;
		};
		9570DB541A81F4DE0058A004 /* Debug */ = {
			isa = XCBuildConfiguration;
			buildSettings = {
				BUNDLE_LOADER = "$(TEST_HOST)";
				FRAMEWORK_SEARCH_PATHS = (
					"$(SDKROOT)/Developer/Library/Frameworks",
					"$(inherited)",
				);
				GCC_PREPROCESSOR_DEFINITIONS = (
					"DEBUG=1",
					"$(inherited)",
				);
				INFOPLIST_FILE = MYTests/Info.plist;
				LD_RUNPATH_SEARCH_PATHS = "$(inherited) @executable_path/Frameworks @loader_path/Frameworks";
				PRODUCT_NAME = "$(TARGET_NAME)";
				TEST_HOST = "$(BUILT_PRODUCTS_DIR)/MY.app/MY";
			};
			name = Debug;
		};
		9570DB551A81F4DE0058A004 /* Release */ = {
			isa = XCBuildConfiguration;
			buildSettings = {
				BUNDLE_LOADER = "$(TEST_HOST)";
				FRAMEWORK_SEARCH_PATHS = (
					"$(SDKROOT)/Developer/Library/Frameworks",
					"$(inherited)",
				);
				INFOPLIST_FILE = MYTests/Info.plist;
				LD_RUNPATH_SEARCH_PATHS = "$(inherited) @executable_path/Frameworks @loader_path/Frameworks";
				PRODUCT_NAME = "$(TARGET_NAME)";
				TEST_HOST = "$(BUILT_PRODUCTS_DIR)/MY.app/MY";
			};
			name = Release;
		};
/* End XCBuildConfiguration section */

/* Begin XCConfigurationList section */
		9570DB281A81F4DE0058A004 /* Build configuration list for PBXProject "MY" */ = {
			isa = XCConfigurationList;
			buildConfigurations = (
				9570DB4E1A81F4DE0058A004 /* Debug */,
				9570DB4F1A81F4DE0058A004 /* Release */,
			);
			defaultConfigurationIsVisible = 0;
			defaultConfigurationName = Release;
		};
		9570DB501A81F4DE0058A004 /* Build configuration list for PBXNativeTarget "MY" */ = {
			isa = XCConfigurationList;
			buildConfigurations = (
				9570DB511A81F4DE0058A004 /* Debug */,
				9570DB521A81F4DE0058A004 /* Release */,
			);
			defaultConfigurationIsVisible = 0;
		};
		9570DB531A81F4DE0058A004 /* Build configuration list for PBXNativeTarget "MYTests" */ = {
			isa = XCConfigurationList;
			buildConfigurations = (
				9570DB541A81F4DE0058A004 /* Debug */,
				9570DB551A81F4DE0058A004 /* Release */,
			);
			defaultConfigurationIsVisible = 0;
		};
/* End XCConfigurationList section */
	};
	rootObject = 9570DB251A81F4DE0058A004 /* Project object */;
}
